
Microsoft Visual Studio Solution File, Format Version 11.00
# Visual Studio 2010
Project("{FAE04EC0-301F-11D3-BF4B-00C04F79EFBC}") = "Lazer-Defender", "Assembly-CSharp.csproj", "{E581ED34-E8AE-C780-BDFC-D31882F10CEB}"
EndProject
Global
	GlobalSection(SolutionConfigurationPlatforms) = preSolution
		Debug|Any CPU = Debug|Any CPU
		Release|Any CPU = Release|Any CPU
	EndGlobalSection
	GlobalSection(ProjectConfigurationPlatforms) = postSolution
		{E581ED34-E8AE-C780-BDFC-D31882F10CEB}.Debug|Any CPU.ActiveCfg = Debug|Any CPU
		{E581ED34-E8AE-C780-BDFC-D31882F10CEB}.Debug|Any CPU.Build.0 = Debug|Any CPU
		{E581ED34-E8AE-C780-BDFC-D31882F10CEB}.Release|Any CPU.ActiveCfg = Release|Any CPU
		{E581ED34-E8AE-C780-BDFC-D31882F10CEB}.Release|Any CPU.Build.0 = Release|Any CPU
	EndGlobalSection
	GlobalSection(SolutionProperties) = preSolution
		HideSolutionNode = FALSE
	EndGlobalSection
	GlobalSection(MonoDevelopProperties) = preSolution
		StartupItem = Assembly-CSharp.csproj
	EndGlobalSection
EndGlobal
